
Microsoft Visual Studio Solution File, Format Version 12.00
# Visual Studio Version 16
VisualStudioVersion = 16.0.32126.315
MinimumVisualStudioVersion = 10.0.40219.1
Project("{FAE04EC0-301F-11D3-BF4B-00C04F79EFBC}") = "NewChatHe", "NewChatHe.csproj", "{F65972D0-C4E6-4F78-8B06-3779C96E1C65}"
EndProject
Global
	GlobalSection(SolutionConfigurationPlatforms) = preSolution
		Debug|Any CPU = Debug|Any CPU
		Release|Any CPU = Release|Any CPU
	EndGlobalSection
	GlobalSection(ProjectConfigurationPlatforms) = postSolution
		{F65972D0-C4E6-4F78-8B06-3779C96E1C65}.Debug|Any CPU.ActiveCfg = Debug|Any CPU
		{F65972D0-C4E6-4F78-8B06-3779C96E1C65}.Debug|Any CPU.Build.0 = Debug|Any CPU
		{F65972D0-C4E6-4F78-8B06-3779C96E1C65}.Release|Any CPU.ActiveCfg = Release|Any CPU
		{F65972D0-C4E6-4F78-8B06-3779C96E1C65}.Release|Any CPU.Build.0 = Release|Any CPU
	EndGlobalSection
	GlobalSection(SolutionProperties) = preSolution
		HideSolutionNode = FALSE
	EndGlobalSection
	GlobalSection(ExtensibilityGlobals) = postSolution
		SolutionGuid = {9199690F-2075-4C0F-8B5A-9B538BE45C73}
	EndGlobalSection
EndGlobal
